
Microsoft Visual Studio Solution File, Format Version 12.00
# Visual Studio Version 17
VisualStudioVersion = 17.7.34009.444
MinimumVisualStudioVersion = 10.0.40219.1
Project("{FAE04EC0-301F-11D3-BF4B-00C04F79EFBC}") = "Palindrom", "Palindrom\Palindrom.csproj", "{AD1AE0C7-F50B-4862-9492-8ED66FF5FFDB}"
EndProject
Global
	GlobalSection(SolutionConfigurationPlatforms) = preSolution
		Debug|Any CPU = Debug|Any CPU
		Release|Any CPU = Release|Any CPU
	EndGlobalSection
	GlobalSection(ProjectConfigurationPlatforms) = postSolution
		{AD1AE0C7-F50B-4862-9492-8ED66FF5FFDB}.Debug|Any CPU.ActiveCfg = Debug|Any CPU
		{AD1AE0C7-F50B-4862-9492-8ED66FF5FFDB}.Debug|Any CPU.Build.0 = Debug|Any CPU
		{AD1AE0C7-F50B-4862-9492-8ED66FF5FFDB}.Release|Any CPU.ActiveCfg = Release|Any CPU
		{AD1AE0C7-F50B-4862-9492-8ED66FF5FFDB}.Release|Any CPU.Build.0 = Release|Any CPU
	EndGlobalSection
	GlobalSection(SolutionProperties) = preSolution
		HideSolutionNode = FALSE
	EndGlobalSection
	GlobalSection(ExtensibilityGlobals) = postSolution
		SolutionGuid = {ACE4E537-93CD-4049-B5EA-C2281C41BB23}
	EndGlobalSection
EndGlobal
